
Microsoft Visual Studio Solution File, Format Version 12.00
# Visual Studio 14
VisualStudioVersion = 14.0.25123.0
MinimumVisualStudioVersion = 10.0.40219.1
Project("{FAE04EC0-301F-11D3-BF4B-00C04F79EFBC}") = "Nancy.Test.Performance", "Nancy.Test.Performance\Nancy.Test.Performance.csproj", "{6BB2C7F2-9013-4C78-9464-A144E61673B6}"
EndProject
Project("{FAE04EC0-301F-11D3-BF4B-00C04F79EFBC}") = "Tests", "Tests\Tests.csproj", "{28013D4F-2A20-4455-8DE1-2E80A6DD6E29}"
EndProject
Global
	GlobalSection(SolutionConfigurationPlatforms) = preSolution
		Debug|Any CPU = Debug|Any CPU
		Release|Any CPU = Release|Any CPU
	EndGlobalSection
	GlobalSection(ProjectConfigurationPlatforms) = postSolution
		{6BB2C7F2-9013-4C78-9464-A144E61673B6}.Debug|Any CPU.ActiveCfg = Debug|Any CPU
		{6BB2C7F2-9013-4C78-9464-A144E61673B6}.Debug|Any CPU.Build.0 = Debug|Any CPU
		{6BB2C7F2-9013-4C78-9464-A144E61673B6}.Release|Any CPU.ActiveCfg = Release|Any CPU
		{6BB2C7F2-9013-4C78-9464-A144E61673B6}.Release|Any CPU.Build.0 = Release|Any CPU
		{28013D4F-2A20-4455-8DE1-2E80A6DD6E29}.Debug|Any CPU.ActiveCfg = Debug|Any CPU
		{28013D4F-2A20-4455-8DE1-2E80A6DD6E29}.Debug|Any CPU.Build.0 = Debug|Any CPU
		{28013D4F-2A20-4455-8DE1-2E80A6DD6E29}.Release|Any CPU.ActiveCfg = Release|Any CPU
		{28013D4F-2A20-4455-8DE1-2E80A6DD6E29}.Release|Any CPU.Build.0 = Release|Any CPU
	EndGlobalSection
	GlobalSection(SolutionProperties) = preSolution
		HideSolutionNode = FALSE
	EndGlobalSection
EndGlobal
